
Microsoft Visual Studio Solution File, Format Version 12.00
# Visual Studio Version 16
VisualStudioVersion = 16.0.32228.343
MinimumVisualStudioVersion = 10.0.40219.1
Project("{FAE04EC0-301F-11D3-BF4B-00C04F79EFBC}") = "FoodRestaurant.WebApp", "FoodRestaurant.WebApp\FoodRestaurant.WebApp.csproj", "{669CF1A7-4C9E-4B3D-B6C8-6C8FB72D2235}"
EndProject
Global
	GlobalSection(SolutionConfigurationPlatforms) = preSolution
		Debug|Any CPU = Debug|Any CPU
		Release|Any CPU = Release|Any CPU
	EndGlobalSection
	GlobalSection(ProjectConfigurationPlatforms) = postSolution
		{669CF1A7-4C9E-4B3D-B6C8-6C8FB72D2235}.Debug|Any CPU.ActiveCfg = Debug|Any CPU
		{669CF1A7-4C9E-4B3D-B6C8-6C8FB72D2235}.Debug|Any CPU.Build.0 = Debug|Any CPU
		{669CF1A7-4C9E-4B3D-B6C8-6C8FB72D2235}.Release|Any CPU.ActiveCfg = Release|Any CPU
		{669CF1A7-4C9E-4B3D-B6C8-6C8FB72D2235}.Release|Any CPU.Build.0 = Release|Any CPU
	EndGlobalSection
	GlobalSection(SolutionProperties) = preSolution
		HideSolutionNode = FALSE
	EndGlobalSection
	GlobalSection(ExtensibilityGlobals) = postSolution
		SolutionGuid = {39227DCB-8397-44DF-BC92-9D0B778066CD}
	EndGlobalSection
EndGlobal
